// !$*UTF8*$!
{
	archiveVersion = 1;
	classes = {
	};
	objectVersion = 50;
	objects = {

/* Begin PBXBuildFile section */
		7F8DC47E25C1A26F00FF7808 /* AppDelegate.swift in Sources */ = {isa = PBXBuildFile; fileRef = 7F8DC47D25C1A26F00FF7808 /* AppDelegate.swift */; };
		7F8DC48825C1A26F00FF7808 /* News.xcdatamodeld in Sources */ = {isa = PBXBuildFile; fileRef = 7F8DC48625C1A26F00FF7808 /* News.xcdatamodeld */; };
		7F8DC48A25C1A27000FF7808 /* Assets.xcassets in Resources */ = {isa = PBXBuildFile; fileRef = 7F8DC48925C1A27000FF7808 /* Assets.xcassets */; };
		7F8DC48D25C1A27000FF7808 /* LaunchScreen.storyboard in Resources */ = {isa = PBXBuildFile; fileRef = 7F8DC48B25C1A27000FF7808 /* LaunchScreen.storyboard */; };
		7F8DC49825C1A27000FF7808 /* NewsTests.swift in Sources */ = {isa = PBXBuildFile; fileRef = 7F8DC49725C1A27000FF7808 /* NewsTests.swift */; };
		7F8DC4A325C1A27000FF7808 /* NewsUITests.swift in Sources */ = {isa = PBXBuildFile; fileRef = 7F8DC4A225C1A27000FF7808 /* NewsUITests.swift */; };
		7F8DC4CD25C1A61D00FF7808 /* TabBarViewController.swift in Sources */ = {isa = PBXBuildFile; fileRef = 7F8DC4CC25C1A61D00FF7808 /* TabBarViewController.swift */; };
		7F8DC4D225C1A6E900FF7808 /* Home.storyboard in Resources */ = {isa = PBXBuildFile; fileRef = 7F8DC4D125C1A6E900FF7808 /* Home.storyboard */; };
		7F8DC4D725C1A70100FF7808 /* HomeViewController.swift in Sources */ = {isa = PBXBuildFile; fileRef = 7F8DC4D625C1A70100FF7808 /* HomeViewController.swift */; };
		7F8DC4DF25C1A73C00FF7808 /* FavoritesViewController.swift in Sources */ = {isa = PBXBuildFile; fileRef = 7F8DC4DE25C1A73C00FF7808 /* FavoritesViewController.swift */; };
		7F8DC4E425C1A75900FF7808 /* Favorites.storyboard in Resources */ = {isa = PBXBuildFile; fileRef = 7F8DC4E325C1A75900FF7808 /* Favorites.storyboard */; };
		7F8DC4EA25C2160D00FF7808 /* APIErrors.swift in Sources */ = {isa = PBXBuildFile; fileRef = 7F8DC4E925C2160D00FF7808 /* APIErrors.swift */; };
		7F8DC4EF25C2179A00FF7808 /* APIMethod.swift in Sources */ = {isa = PBXBuildFile; fileRef = 7F8DC4EE25C2179A00FF7808 /* APIMethod.swift */; };
		7F8DC4F425C21BF400FF7808 /* APIKey.swift in Sources */ = {isa = PBXBuildFile; fileRef = 7F8DC4F325C21BF400FF7808 /* APIKey.swift */; };
		7F8DC50525C2200500FF7808 /* APIRouter.swift in Sources */ = {isa = PBXBuildFile; fileRef = 7F8DC50425C2200500FF7808 /* APIRouter.swift */; };
		7F8DC50A25C220DB00FF7808 /* APIClient.swift in Sources */ = {isa = PBXBuildFile; fileRef = 7F8DC50925C220DB00FF7808 /* APIClient.swift */; };
		7F8DC51225C2240600FF7808 /* APIService.swift in Sources */ = {isa = PBXBuildFile; fileRef = 7F8DC51125C2240600FF7808 /* APIService.swift */; };
		7F8DC51825C2246C00FF7808 /* TopHeadlineModel.swift in Sources */ = {isa = PBXBuildFile; fileRef = 7F8DC51725C2246C00FF7808 /* TopHeadlineModel.swift */; };
		7F8DC51D25C224B300FF7808 /* ArticleModel.swift in Sources */ = {isa = PBXBuildFile; fileRef = 7F8DC51C25C224B300FF7808 /* ArticleModel.swift */; };
		7FF1137E25C305D500FC42FF /* HomeViewModel.swift in Sources */ = {isa = PBXBuildFile; fileRef = 7FF1137D25C305D500FC42FF /* HomeViewModel.swift */; };
		7FF1138725C319CB00FC42FF /* UIViewController + Extensions.swift in Sources */ = {isa = PBXBuildFile; fileRef = 7FF1138625C319CB00FC42FF /* UIViewController + Extensions.swift */; };
		7FF113A125C31F0D00FC42FF /* HomeTableViewCell.swift in Sources */ = {isa = PBXBuildFile; fileRef = 7FF1139F25C31F0D00FC42FF /* HomeTableViewCell.swift */; };
		7FF113A225C31F0D00FC42FF /* HomeTableViewCell.xib in Resources */ = {isa = PBXBuildFile; fileRef = 7FF113A025C31F0D00FC42FF /* HomeTableViewCell.xib */; };
		7FF113A725C3218E00FC42FF /* HomeViewContracts.swift in Sources */ = {isa = PBXBuildFile; fileRef = 7FF113A625C3218E00FC42FF /* HomeViewContracts.swift */; };
/* End PBXBuildFile section */

/* Begin PBXContainerItemProxy section */
		7F8DC49425C1A27000FF7808 /* PBXContainerItemProxy */ = {
			isa = PBXContainerItemProxy;
			containerPortal = 7F8DC47225C1A26F00FF7808 /* Project object */;
			proxyType = 1;
			remoteGlobalIDString = 7F8DC47925C1A26F00FF7808;
			remoteInfo = News;
		};
		7F8DC49F25C1A27000FF7808 /* PBXContainerItemProxy */ = {
			isa = PBXContainerItemProxy;
			containerPortal = 7F8DC47225C1A26F00FF7808 /* Project object */;
			proxyType = 1;
			remoteGlobalIDString = 7F8DC47925C1A26F00FF7808;
			remoteInfo = News;
		};
/* End PBXContainerItemProxy section */

/* Begin PBXFileReference section */
		7F8DC47A25C1A26F00FF7808 /* News.app */ = {isa = PBXFileReference; explicitFileType = wrapper.application; includeInIndex = 0; path = News.app; sourceTree = BUILT_PRODUCTS_DIR; };
		7F8DC47D25C1A26F00FF7808 /* AppDelegate.swift */ = {isa = PBXFileReference; lastKnownFileType = sourcecode.swift; path = AppDelegate.swift; sourceTree = "<group>"; };
		7F8DC48725C1A26F00FF7808 /* News.xcdatamodel */ = {isa = PBXFileReference; lastKnownFileType = wrapper.xcdatamodel; path = News.xcdatamodel; sourceTree = "<group>"; };
		7F8DC48925C1A27000FF7808 /* Assets.xcassets */ = {isa = PBXFileReference; lastKnownFileType = folder.assetcatalog; path = Assets.xcassets; sourceTree = "<group>"; };
		7F8DC48C25C1A27000FF7808 /* Base */ = {isa = PBXFileReference; lastKnownFileType = file.storyboard; name = Base; path = Base.lproj/LaunchScreen.storyboard; sourceTree = "<group>"; };
		7F8DC48E25C1A27000FF7808 /* Info.plist */ = {isa = PBXFileReference; lastKnownFileType = text.plist.xml; path = Info.plist; sourceTree = "<group>"; };
		7F8DC49325C1A27000FF7808 /* NewsTests.xctest */ = {isa = PBXFileReference; explicitFileType = wrapper.cfbundle; includeInIndex = 0; path = NewsTests.xctest; sourceTree = BUILT_PRODUCTS_DIR; };
		7F8DC49725C1A27000FF7808 /* NewsTests.swift */ = {isa = PBXFileReference; lastKnownFileType = sourcecode.swift; path = NewsTests.swift; sourceTree = "<group>"; };
		7F8DC49925C1A27000FF7808 /* Info.plist */ = {isa = PBXFileReference; lastKnownFileType = text.plist.xml; path = Info.plist; sourceTree = "<group>"; };
		7F8DC49E25C1A27000FF7808 /* NewsUITests.xctest */ = {isa = PBXFileReference; explicitFileType = wrapper.cfbundle; includeInIndex = 0; path = NewsUITests.xctest; sourceTree = BUILT_PRODUCTS_DIR; };
		7F8DC4A225C1A27000FF7808 /* NewsUITests.swift */ = {isa = PBXFileReference; lastKnownFileType = sourcecode.swift; path = NewsUITests.swift; sourceTree = "<group>"; };
		7F8DC4A425C1A27000FF7808 /* Info.plist */ = {isa = PBXFileReference; lastKnownFileType = text.plist.xml; path = Info.plist; sourceTree = "<group>"; };
		7F8DC4CC25C1A61D00FF7808 /* TabBarViewController.swift */ = {isa = PBXFileReference; lastKnownFileType = sourcecode.swift; path = TabBarViewController.swift; sourceTree = "<group>"; };
		7F8DC4D125C1A6E900FF7808 /* Home.storyboard */ = {isa = PBXFileReference; lastKnownFileType = file.storyboard; path = Home.storyboard; sourceTree = "<group>"; };
		7F8DC4D625C1A70100FF7808 /* HomeViewController.swift */ = {isa = PBXFileReference; lastKnownFileType = sourcecode.swift; path = HomeViewController.swift; sourceTree = "<group>"; };
		7F8DC4DE25C1A73C00FF7808 /* FavoritesViewController.swift */ = {isa = PBXFileReference; lastKnownFileType = sourcecode.swift; path = FavoritesViewController.swift; sourceTree = "<group>"; };
		7F8DC4E325C1A75900FF7808 /* Favorites.storyboard */ = {isa = PBXFileReference; lastKnownFileType = file.storyboard; path = Favorites.storyboard; sourceTree = "<group>"; };
		7F8DC4E925C2160D00FF7808 /* APIErrors.swift */ = {isa = PBXFileReference; lastKnownFileType = sourcecode.swift; path = APIErrors.swift; sourceTree = "<group>"; };
		7F8DC4EE25C2179A00FF7808 /* APIMethod.swift */ = {isa = PBXFileReference; lastKnownFileType = sourcecode.swift; path = APIMethod.swift; sourceTree = "<group>"; };
		7F8DC4F325C21BF400FF7808 /* APIKey.swift */ = {isa = PBXFileReference; lastKnownFileType = sourcecode.swift; path = APIKey.swift; sourceTree = "<group>"; };
		7F8DC50425C2200500FF7808 /* APIRouter.swift */ = {isa = PBXFileReference; lastKnownFileType = sourcecode.swift; path = APIRouter.swift; sourceTree = "<group>"; };
		7F8DC50925C220DB00FF7808 /* APIClient.swift */ = {isa = PBXFileReference; lastKnownFileType = sourcecode.swift; path = APIClient.swift; sourceTree = "<group>"; };
		7F8DC51125C2240600FF7808 /* APIService.swift */ = {isa = PBXFileReference; lastKnownFileType = sourcecode.swift; path = APIService.swift; sourceTree = "<group>"; };
		7F8DC51725C2246C00FF7808 /* TopHeadlineModel.swift */ = {isa = PBXFileReference; lastKnownFileType = sourcecode.swift; path = TopHeadlineModel.swift; sourceTree = "<group>"; };
		7F8DC51C25C224B300FF7808 /* ArticleModel.swift */ = {isa = PBXFileReference; lastKnownFileType = sourcecode.swift; path = ArticleModel.swift; sourceTree = "<group>"; };
		7FF1137D25C305D500FC42FF /* HomeViewModel.swift */ = {isa = PBXFileReference; lastKnownFileType = sourcecode.swift; path = HomeViewModel.swift; sourceTree = "<group>"; };
		7FF1138625C319CB00FC42FF /* UIViewController + Extensions.swift */ = {isa = PBXFileReference; lastKnownFileType = sourcecode.swift; path = "UIViewController + Extensions.swift"; sourceTree = "<group>"; };
		7FF1139F25C31F0D00FC42FF /* HomeTableViewCell.swift */ = {isa = PBXFileReference; lastKnownFileType = sourcecode.swift; path = HomeTableViewCell.swift; sourceTree = "<group>"; };
		7FF113A025C31F0D00FC42FF /* HomeTableViewCell.xib */ = {isa = PBXFileReference; lastKnownFileType = file.xib; path = HomeTableViewCell.xib; sourceTree = "<group>"; };
		7FF113A625C3218E00FC42FF /* HomeViewContracts.swift */ = {isa = PBXFileReference; lastKnownFileType = sourcecode.swift; path = HomeViewContracts.swift; sourceTree = "<group>"; };
/* End PBXFileReference section */

/* Begin PBXFrameworksBuildPhase section */
		7F8DC47725C1A26F00FF7808 /* Frameworks */ = {
			isa = PBXFrameworksBuildPhase;
			buildActionMask = 2147483647;
			files = (
			);
			runOnlyForDeploymentPostprocessing = 0;
		};
		7F8DC49025C1A27000FF7808 /* Frameworks */ = {
			isa = PBXFrameworksBuildPhase;
			buildActionMask = 2147483647;
			files = (
			);
			runOnlyForDeploymentPostprocessing = 0;
		};
		7F8DC49B25C1A27000FF7808 /* Frameworks */ = {
			isa = PBXFrameworksBuildPhase;
			buildActionMask = 2147483647;
			files = (
			);
			runOnlyForDeploymentPostprocessing = 0;
		};
/* End PBXFrameworksBuildPhase section */

/* Begin PBXGroup section */
		7F8DC47125C1A26F00FF7808 = {
			isa = PBXGroup;
			children = (
				7F8DC47C25C1A26F00FF7808 /* News */,
				7F8DC49625C1A27000FF7808 /* NewsTests */,
				7F8DC4A125C1A27000FF7808 /* NewsUITests */,
				7F8DC47B25C1A26F00FF7808 /* Products */,
			);
			sourceTree = "<group>";
		};
		7F8DC47B25C1A26F00FF7808 /* Products */ = {
			isa = PBXGroup;
			children = (
				7F8DC47A25C1A26F00FF7808 /* News.app */,
				7F8DC49325C1A27000FF7808 /* NewsTests.xctest */,
				7F8DC49E25C1A27000FF7808 /* NewsUITests.xctest */,
			);
			name = Products;
			sourceTree = "<group>";
		};
		7F8DC47C25C1A26F00FF7808 /* News */ = {
			isa = PBXGroup;
			children = (
				7F8DC51625C2246000FF7808 /* Model */,
				7F8DC4E825C212A000FF7808 /* Networking */,
				7F8DC4B725C1A57100FF7808 /* Modules */,
				7F8DC4B625C1A54900FF7808 /* Resources */,
				7FF1138525C319B800FC42FF /* Helpers */,
				7F8DC4C825C1A5AA00FF7808 /* System */,
				7F8DC48625C1A26F00FF7808 /* News.xcdatamodeld */,
			);
			path = News;
			sourceTree = "<group>";
		};
		7F8DC49625C1A27000FF7808 /* NewsTests */ = {
			isa = PBXGroup;
			children = (
				7F8DC49725C1A27000FF7808 /* NewsTests.swift */,
				7F8DC49925C1A27000FF7808 /* Info.plist */,
			);
			path = NewsTests;
			sourceTree = "<group>";
		};
		7F8DC4A125C1A27000FF7808 /* NewsUITests */ = {
			isa = PBXGroup;
			children = (
				7F8DC4A225C1A27000FF7808 /* NewsUITests.swift */,
				7F8DC4A425C1A27000FF7808 /* Info.plist */,
			);
			path = NewsUITests;
			sourceTree = "<group>";
		};
		7F8DC4B625C1A54900FF7808 /* Resources */ = {
			isa = PBXGroup;
			children = (
				7F8DC48925C1A27000FF7808 /* Assets.xcassets */,
				7F8DC48B25C1A27000FF7808 /* LaunchScreen.storyboard */,
			);
			path = Resources;
			sourceTree = "<group>";
		};
		7F8DC4B725C1A57100FF7808 /* Modules */ = {
			isa = PBXGroup;
			children = (
				7F8DC4C625C1A59400FF7808 /* Root */,
				7F8DC4BB25C1A57D00FF7808 /* Home */,
				7F8DC4C725C1A59800FF7808 /* Favorites */,
			);
			path = Modules;
			sourceTree = "<group>";
		};
		7F8DC4BB25C1A57D00FF7808 /* Home */ = {
			isa = PBXGroup;
			children = (
				7FF1138E25C31DB300FC42FF /* Cell */,
				7F8DC4D125C1A6E900FF7808 /* Home.storyboard */,
				7F8DC4D625C1A70100FF7808 /* HomeViewController.swift */,
				7FF1137D25C305D500FC42FF /* HomeViewModel.swift */,
				7FF113A625C3218E00FC42FF /* HomeViewContracts.swift */,
			);
			path = Home;
			sourceTree = "<group>";
		};
		7F8DC4C625C1A59400FF7808 /* Root */ = {
			isa = PBXGroup;
			children = (
				7F8DC4CC25C1A61D00FF7808 /* TabBarViewController.swift */,
			);
			path = Root;
			sourceTree = "<group>";
		};
		7F8DC4C725C1A59800FF7808 /* Favorites */ = {
			isa = PBXGroup;
			children = (
				7F8DC4DE25C1A73C00FF7808 /* FavoritesViewController.swift */,
				7F8DC4E325C1A75900FF7808 /* Favorites.storyboard */,
			);
			path = Favorites;
			sourceTree = "<group>";
		};
		7F8DC4C825C1A5AA00FF7808 /* System */ = {
			isa = PBXGroup;
			children = (
				7F8DC47D25C1A26F00FF7808 /* AppDelegate.swift */,
				7F8DC48E25C1A27000FF7808 /* Info.plist */,
			);
			path = System;
			sourceTree = "<group>";
		};
		7F8DC4E825C212A000FF7808 /* Networking */ = {
			isa = PBXGroup;
			children = (
				7F8DC4F325C21BF400FF7808 /* APIKey.swift */,
				7F8DC4E925C2160D00FF7808 /* APIErrors.swift */,
				7F8DC4EE25C2179A00FF7808 /* APIMethod.swift */,
				7F8DC50425C2200500FF7808 /* APIRouter.swift */,
				7F8DC50925C220DB00FF7808 /* APIClient.swift */,
				7F8DC51125C2240600FF7808 /* APIService.swift */,
			);
			path = Networking;
			sourceTree = "<group>";
		};
		7F8DC51625C2246000FF7808 /* Model */ = {
			isa = PBXGroup;
			children = (
				7F8DC51725C2246C00FF7808 /* TopHeadlineModel.swift */,
				7F8DC51C25C224B300FF7808 /* ArticleModel.swift */,
			);
			path = Model;
			sourceTree = "<group>";
		};
		7FF1138525C319B800FC42FF /* Helpers */ = {
			isa = PBXGroup;
			children = (
				7FF1138625C319CB00FC42FF /* UIViewController + Extensions.swift */,
			);
			path = Helpers;
			sourceTree = "<group>";
		};
		7FF1138E25C31DB300FC42FF /* Cell */ = {
			isa = PBXGroup;
			children = (
				7FF1139F25C31F0D00FC42FF /* HomeTableViewCell.swift */,
				7FF113A025C31F0D00FC42FF /* HomeTableViewCell.xib */,
			);
			path = Cell;
			sourceTree = "<group>";
		};
/* End PBXGroup section */

/* Begin PBXNativeTarget section */
		7F8DC47925C1A26F00FF7808 /* News */ = {
			isa = PBXNativeTarget;
			buildConfigurationList = 7F8DC4A725C1A27000FF7808 /* Build configuration list for PBXNativeTarget "News" */;
			buildPhases = (
				7F8DC47625C1A26F00FF7808 /* Sources */,
				7F8DC47725C1A26F00FF7808 /* Frameworks */,
				7F8DC47825C1A26F00FF7808 /* Resources */,
			);
			buildRules = (
			);
			dependencies = (
			);
			name = News;
			productName = News;
			productReference = 7F8DC47A25C1A26F00FF7808 /* News.app */;
			productType = "com.apple.product-type.application";
		};
		7F8DC49225C1A27000FF7808 /* NewsTests */ = {
			isa = PBXNativeTarget;
			buildConfigurationList = 7F8DC4AA25C1A27000FF7808 /* Build configuration list for PBXNativeTarget "NewsTests" */;
			buildPhases = (
				7F8DC48F25C1A27000FF7808 /* Sources */,
				7F8DC49025C1A27000FF7808 /* Frameworks */,
				7F8DC49125C1A27000FF7808 /* Resources */,
			);
			buildRules = (
			);
			dependencies = (
				7F8DC49525C1A27000FF7808 /* PBXTargetDependency */,
			);
			name = NewsTests;
			productName = NewsTests;
			productReference = 7F8DC49325C1A27000FF7808 /* NewsTests.xctest */;
			productType = "com.apple.product-type.bundle.unit-test";
		};
		7F8DC49D25C1A27000FF7808 /* NewsUITests */ = {
			isa = PBXNativeTarget;
			buildConfigurationList = 7F8DC4AD25C1A27000FF7808 /* Build configuration list for PBXNativeTarget "NewsUITests" */;
			buildPhases = (
				7F8DC49A25C1A27000FF7808 /* Sources */,
				7F8DC49B25C1A27000FF7808 /* Frameworks */,
				7F8DC49C25C1A27000FF7808 /* Resources */,
			);
			buildRules = (
			);
			dependencies = (
				7F8DC4A025C1A27000FF7808 /* PBXTargetDependency */,
			);
			name = NewsUITests;
			productName = NewsUITests;
			productReference = 7F8DC49E25C1A27000FF7808 /* NewsUITests.xctest */;
			productType = "com.apple.product-type.bundle.ui-testing";
		};
/* End PBXNativeTarget section */

/* Begin PBXProject section */
		7F8DC47225C1A26F00FF7808 /* Project object */ = {
			isa = PBXProject;
			attributes = {
				LastSwiftUpdateCheck = 1230;
				LastUpgradeCheck = 1230;
				TargetAttributes = {
					7F8DC47925C1A26F00FF7808 = {
						CreatedOnToolsVersion = 12.3;
					};
					7F8DC49225C1A27000FF7808 = {
						CreatedOnToolsVersion = 12.3;
						TestTargetID = 7F8DC47925C1A26F00FF7808;
					};
					7F8DC49D25C1A27000FF7808 = {
						CreatedOnToolsVersion = 12.3;
						TestTargetID = 7F8DC47925C1A26F00FF7808;
					};
				};
			};
			buildConfigurationList = 7F8DC47525C1A26F00FF7808 /* Build configuration list for PBXProject "News" */;
			compatibilityVersion = "Xcode 9.3";
			developmentRegion = en;
			hasScannedForEncodings = 0;
			knownRegions = (
				en,
				Base,
			);
			mainGroup = 7F8DC47125C1A26F00FF7808;
			productRefGroup = 7F8DC47B25C1A26F00FF7808 /* Products */;
			projectDirPath = "";
			projectRoot = "";
			targets = (
				7F8DC47925C1A26F00FF7808 /* News */,
				7F8DC49225C1A27000FF7808 /* NewsTests */,
				7F8DC49D25C1A27000FF7808 /* NewsUITests */,
			);
		};
/* End PBXProject section */

/* Begin PBXResourcesBuildPhase section */
		7F8DC47825C1A26F00FF7808 /* Resources */ = {
			isa = PBXResourcesBuildPhase;
			buildActionMask = 2147483647;
			files = (
				7F8DC48D25C1A27000FF7808 /* LaunchScreen.storyboard in Resources */,
				7F8DC48A25C1A27000FF7808 /* Assets.xcassets in Resources */,
				7F8DC4E425C1A75900FF7808 /* Favorites.storyboard in Resources */,
				7FF113A225C31F0D00FC42FF /* HomeTableViewCell.xib in Resources */,
				7F8DC4D225C1A6E900FF7808 /* Home.storyboard in Resources */,
			);
			runOnlyForDeploymentPostprocessing = 0;
		};
		7F8DC49125C1A27000FF7808 /* Resources */ = {
			isa = PBXResourcesBuildPhase;
			buildActionMask = 2147483647;
			files = (
			);
			runOnlyForDeploymentPostprocessing = 0;
		};
		7F8DC49C25C1A27000FF7808 /* Resources */ = {
			isa = PBXResourcesBuildPhase;
			buildActionMask = 2147483647;
			files = (
			);
			runOnlyForDeploymentPostprocessing = 0;
		};
/* End PBXResourcesBuildPhase section */

/* Begin PBXSourcesBuildPhase section */
		7F8DC47625C1A26F00FF7808 /* Sources */ = {
			isa = PBXSourcesBuildPhase;
			buildActionMask = 2147483647;
			files = (
				7F8DC51D25C224B300FF7808 /* ArticleModel.swift in Sources */,
				7F8DC4D725C1A70100FF7808 /* HomeViewController.swift in Sources */,
				7FF113A725C3218E00FC42FF /* HomeViewContracts.swift in Sources */,
				7F8DC50525C2200500FF7808 /* APIRouter.swift in Sources */,
				7F8DC4CD25C1A61D00FF7808 /* TabBarViewController.swift in Sources */,
				7F8DC50A25C220DB00FF7808 /* APIClient.swift in Sources */,
				7F8DC51225C2240600FF7808 /* APIService.swift in Sources */,
				7F8DC4F425C21BF400FF7808 /* APIKey.swift in Sources */,
				7F8DC4EF25C2179A00FF7808 /* APIMethod.swift in Sources */,
				7F8DC51825C2246C00FF7808 /* TopHeadlineModel.swift in Sources */,
				7FF1137E25C305D500FC42FF /* HomeViewModel.swift in Sources */,
				7FF1138725C319CB00FC42FF /* UIViewController + Extensions.swift in Sources */,
				7F8DC47E25C1A26F00FF7808 /* AppDelegate.swift in Sources */,
				7F8DC4DF25C1A73C00FF7808 /* FavoritesViewController.swift in Sources */,
				7F8DC48825C1A26F00FF7808 /* News.xcdatamodeld in Sources */,
				7FF113A125C31F0D00FC42FF /* HomeTableViewCell.swift in Sources */,
				7F8DC4EA25C2160D00FF7808 /* APIErrors.swift in Sources */,
			);
			runOnlyForDeploymentPostprocessing = 0;
		};
		7F8DC48F25C1A27000FF7808 /* Sources */ = {
			isa = PBXSourcesBuildPhase;
			buildActionMask = 2147483647;
			files = (
				7F8DC49825C1A27000FF7808 /* NewsTests.swift in Sources */,
			);
			runOnlyForDeploymentPostprocessing = 0;
		};
		7F8DC49A25C1A27000FF7808 /* Sources */ = {
			isa = PBXSourcesBuildPhase;
			buildActionMask = 2147483647;
			files = (
				7F8DC4A325C1A27000FF7808 /* NewsUITests.swift in Sources */,
			);
			runOnlyForDeploymentPostprocessing = 0;
		};
/* End PBXSourcesBuildPhase section */

/* Begin PBXTargetDependency section */
		7F8DC49525C1A27000FF7808 /* PBXTargetDependency */ = {
			isa = PBXTargetDependency;
			target = 7F8DC47925C1A26F00FF7808 /* News */;
			targetProxy = 7F8DC49425C1A27000FF7808 /* PBXContainerItemProxy */;
		};
		7F8DC4A025C1A27000FF7808 /* PBXTargetDependency */ = {
			isa = PBXTargetDependency;
			target = 7F8DC47925C1A26F00FF7808 /* News */;
			targetProxy = 7F8DC49F25C1A27000FF7808 /* PBXContainerItemProxy */;
		};
/* End PBXTargetDependency section */

/* Begin PBXVariantGroup section */
		7F8DC48B25C1A27000FF7808 /* LaunchScreen.storyboard */ = {
			isa = PBXVariantGroup;
			children = (
				7F8DC48C25C1A27000FF7808 /* Base */,
			);
			name = LaunchScreen.storyboard;
			sourceTree = "<group>";
		};
/* End PBXVariantGroup section */

/* Begin XCBuildConfiguration section */
		7F8DC4A525C1A27000FF7808 /* Debug */ = {
			isa = XCBuildConfiguration;
			buildSettings = {
				ALWAYS_SEARCH_USER_PATHS = NO;
				CLANG_ANALYZER_NONNULL = YES;
				CLANG_ANALYZER_NUMBER_OBJECT_CONVERSION = YES_AGGRESSIVE;
				CLANG_CXX_LANGUAGE_STANDARD = "gnu++14";
				CLANG_CXX_LIBRARY = "libc++";
				CLANG_ENABLE_MODULES = YES;
				CLANG_ENABLE_OBJC_ARC = YES;
				CLANG_ENABLE_OBJC_WEAK = YES;
				CLANG_WARN_BLOCK_CAPTURE_AUTORELEASING = YES;
				CLANG_WARN_BOOL_CONVERSION = YES;
				CLANG_WARN_COMMA = YES;
				CLANG_WARN_CONSTANT_CONVERSION = YES;
				CLANG_WARN_DEPRECATED_OBJC_IMPLEMENTATIONS = YES;
				CLANG_WARN_DIRECT_OBJC_ISA_USAGE = YES_ERROR;
				CLANG_WARN_DOCUMENTATION_COMMENTS = YES;
				CLANG_WARN_EMPTY_BODY = YES;
				CLANG_WARN_ENUM_CONVERSION = YES;
				CLANG_WARN_INFINITE_RECURSION = YES;
				CLANG_WARN_INT_CONVERSION = YES;
				CLANG_WARN_NON_LITERAL_NULL_CONVERSION = YES;
				CLANG_WARN_OBJC_IMPLICIT_RETAIN_SELF = YES;
				CLANG_WARN_OBJC_LITERAL_CONVERSION = YES;
				CLANG_WARN_OBJC_ROOT_CLASS = YES_ERROR;
				CLANG_WARN_QUOTED_INCLUDE_IN_FRAMEWORK_HEADER = YES;
				CLANG_WARN_RANGE_LOOP_ANALYSIS = YES;
				CLANG_WARN_STRICT_PROTOTYPES = YES;
				CLANG_WARN_SUSPICIOUS_MOVE = YES;
				CLANG_WARN_UNGUARDED_AVAILABILITY = YES_AGGRESSIVE;
				CLANG_WARN_UNREACHABLE_CODE = YES;
				CLANG_WARN__DUPLICATE_METHOD_MATCH = YES;
				COPY_PHASE_STRIP = NO;
				DEBUG_INFORMATION_FORMAT = dwarf;
				ENABLE_STRICT_OBJC_MSGSEND = YES;
				ENABLE_TESTABILITY = YES;
				GCC_C_LANGUAGE_STANDARD = gnu11;
				GCC_DYNAMIC_NO_PIC = NO;
				GCC_NO_COMMON_BLOCKS = YES;
				GCC_OPTIMIZATION_LEVEL = 0;
				GCC_PREPROCESSOR_DEFINITIONS = (
					"DEBUG=1",
					"$(inherited)",
				);
				GCC_WARN_64_TO_32_BIT_CONVERSION = YES;
				GCC_WARN_ABOUT_RETURN_TYPE = YES_ERROR;
				GCC_WARN_UNDECLARED_SELECTOR = YES;
				GCC_WARN_UNINITIALIZED_AUTOS = YES_AGGRESSIVE;
				GCC_WARN_UNUSED_FUNCTION = YES;
				GCC_WARN_UNUSED_VARIABLE = YES;
				IPHONEOS_DEPLOYMENT_TARGET = 14.3;
				MTL_ENABLE_DEBUG_INFO = INCLUDE_SOURCE;
				MTL_FAST_MATH = YES;
				ONLY_ACTIVE_ARCH = YES;
				SDKROOT = iphoneos;
				SWIFT_ACTIVE_COMPILATION_CONDITIONS = DEBUG;
				SWIFT_OPTIMIZATION_LEVEL = "-Onone";
			};
			name = Debug;
		};
		7F8DC4A625C1A27000FF7808 /* Release */ = {
			isa = XCBuildConfiguration;
			buildSettings = {
				ALWAYS_SEARCH_USER_PATHS = NO;
				CLANG_ANALYZER_NONNULL = YES;
				CLANG_ANALYZER_NUMBER_OBJECT_CONVERSION = YES_AGGRESSIVE;
				CLANG_CXX_LANGUAGE_STANDARD = "gnu++14";
				CLANG_CXX_LIBRARY = "libc++";
				CLANG_ENABLE_MODULES = YES;
				CLANG_ENABLE_OBJC_ARC = YES;
				CLANG_ENABLE_OBJC_WEAK = YES;
				CLANG_WARN_BLOCK_CAPTURE_AUTORELEASING = YES;
				CLANG_WARN_BOOL_CONVERSION = YES;
				CLANG_WARN_COMMA = YES;
				CLANG_WARN_CONSTANT_CONVERSION = YES;
				CLANG_WARN_DEPRECATED_OBJC_IMPLEMENTATIONS = YES;
				CLANG_WARN_DIRECT_OBJC_ISA_USAGE = YES_ERROR;
				CLANG_WARN_DOCUMENTATION_COMMENTS = YES;
				CLANG_WARN_EMPTY_BODY = YES;
				CLANG_WARN_ENUM_CONVERSION = YES;
				CLANG_WARN_INFINITE_RECURSION = YES;
				CLANG_WARN_INT_CONVERSION = YES;
				CLANG_WARN_NON_LITERAL_NULL_CONVERSION = YES;
				CLANG_WARN_OBJC_IMPLICIT_RETAIN_SELF = YES;
				CLANG_WARN_OBJC_LITERAL_CONVERSION = YES;
				CLANG_WARN_OBJC_ROOT_CLASS = YES_ERROR;
				CLANG_WARN_QUOTED_INCLUDE_IN_FRAMEWORK_HEADER = YES;
				CLANG_WARN_RANGE_LOOP_ANALYSIS = YES;
				CLANG_WARN_STRICT_PROTOTYPES = YES;
				CLANG_WARN_SUSPICIOUS_MOVE = YES;
				CLANG_WARN_UNGUARDED_AVAILABILITY = YES_AGGRESSIVE;
				CLANG_WARN_UNREACHABLE_CODE = YES;
				CLANG_WARN__DUPLICATE_METHOD_MATCH = YES;
				COPY_PHASE_STRIP = NO;
				DEBUG_INFORMATION_FORMAT = "dwarf-with-dsym";
				ENABLE_NS_ASSERTIONS = NO;
				ENABLE_STRICT_OBJC_MSGSEND = YES;
				GCC_C_LANGUAGE_STANDARD = gnu11;
				GCC_NO_COMMON_BLOCKS = YES;
				GCC_WARN_64_TO_32_BIT_CONVERSION = YES;
				GCC_WARN_ABOUT_RETURN_TYPE = YES_ERROR;
				GCC_WARN_UNDECLARED_SELECTOR = YES;
				GCC_WARN_UNINITIALIZED_AUTOS = YES_AGGRESSIVE;
				GCC_WARN_UNUSED_FUNCTION = YES;
				GCC_WARN_UNUSED_VARIABLE = YES;
				IPHONEOS_DEPLOYMENT_TARGET = 14.3;
				MTL_ENABLE_DEBUG_INFO = NO;
				MTL_FAST_MATH = YES;
				SDKROOT = iphoneos;
				SWIFT_COMPILATION_MODE = wholemodule;
				SWIFT_OPTIMIZATION_LEVEL = "-O";
				VALIDATE_PRODUCT = YES;
			};
			name = Release;
		};
		7F8DC4A825C1A27000FF7808 /* Debug */ = {
			isa = XCBuildConfiguration;
			buildSettings = {
				ASSETCATALOG_COMPILER_APPICON_NAME = AppIcon;
				ASSETCATALOG_COMPILER_GLOBAL_ACCENT_COLOR_NAME = AccentColor;
				CODE_SIGN_STYLE = Automatic;
				DEVELOPMENT_TEAM = BY986JF6MT;
				INFOPLIST_FILE = News/System/Info.plist;
				LD_RUNPATH_SEARCH_PATHS = (
					"$(inherited)",
					"@executable_path/Frameworks",
				);
				PRODUCT_BUNDLE_IDENTIFIER = com.latifatci.News;
				PRODUCT_NAME = "$(TARGET_NAME)";
				SWIFT_VERSION = 5.0;
				TARGETED_DEVICE_FAMILY = "1,2";
			};
			name = Debug;
		};
		7F8DC4A925C1A27000FF7808 /* Release */ = {
			isa = XCBuildConfiguration;
			buildSettings = {
				ASSETCATALOG_COMPILER_APPICON_NAME = AppIcon;
				ASSETCATALOG_COMPILER_GLOBAL_ACCENT_COLOR_NAME = AccentColor;
				CODE_SIGN_STYLE = Automatic;
				DEVELOPMENT_TEAM = BY986JF6MT;
				INFOPLIST_FILE = News/System/Info.plist;
				LD_RUNPATH_SEARCH_PATHS = (
					"$(inherited)",
					"@executable_path/Frameworks",
				);
				PRODUCT_BUNDLE_IDENTIFIER = com.latifatci.News;
				PRODUCT_NAME = "$(TARGET_NAME)";
				SWIFT_VERSION = 5.0;
				TARGETED_DEVICE_FAMILY = "1,2";
			};
			name = Release;
		};
		7F8DC4AB25C1A27000FF7808 /* Debug */ = {
			isa = XCBuildConfiguration;
			buildSettings = {
				ALWAYS_EMBED_SWIFT_STANDARD_LIBRARIES = YES;
				BUNDLE_LOADER = "$(TEST_HOST)";
				CODE_SIGN_STYLE = Automatic;
				DEVELOPMENT_TEAM = BY986JF6MT;
				INFOPLIST_FILE = NewsTests/Info.plist;
				IPHONEOS_DEPLOYMENT_TARGET = 14.3;
				LD_RUNPATH_SEARCH_PATHS = (
					"$(inherited)",
					"@executable_path/Frameworks",
					"@loader_path/Frameworks",
				);
				PRODUCT_BUNDLE_IDENTIFIER = com.latifatci.NewsTests;
				PRODUCT_NAME = "$(TARGET_NAME)";
				SWIFT_VERSION = 5.0;
				TARGETED_DEVICE_FAMILY = "1,2";
				TEST_HOST = "$(BUILT_PRODUCTS_DIR)/News.app/News";
			};
			name = Debug;
		};
		7F8DC4AC25C1A27000FF7808 /* Release */ = {
			isa = XCBuildConfiguration;
			buildSettings = {
				ALWAYS_EMBED_SWIFT_STANDARD_LIBRARIES = YES;
				BUNDLE_LOADER = "$(TEST_HOST)";
				CODE_SIGN_STYLE = Automatic;
				DEVELOPMENT_TEAM = BY986JF6MT;
				INFOPLIST_FILE = NewsTests/Info.plist;
				IPHONEOS_DEPLOYMENT_TARGET = 14.3;
				LD_RUNPATH_SEARCH_PATHS = (
					"$(inherited)",
					"@executable_path/Frameworks",
					"@loader_path/Frameworks",
				);
				PRODUCT_BUNDLE_IDENTIFIER = com.latifatci.NewsTests;
				PRODUCT_NAME = "$(TARGET_NAME)";
				SWIFT_VERSION = 5.0;
				TARGETED_DEVICE_FAMILY = "1,2";
				TEST_HOST = "$(BUILT_PRODUCTS_DIR)/News.app/News";
			};
			name = Release;
		};
		7F8DC4AE25C1A27000FF7808 /* Debug */ = {
			isa = XCBuildConfiguration;
			buildSettings = {
				ALWAYS_EMBED_SWIFT_STANDARD_LIBRARIES = YES;
				CODE_SIGN_STYLE = Automatic;
				DEVELOPMENT_TEAM = BY986JF6MT;
				INFOPLIST_FILE = NewsUITests/Info.plist;
				LD_RUNPATH_SEARCH_PATHS = (
					"$(inherited)",
					"@executable_path/Frameworks",
					"@loader_path/Frameworks",
				);
				PRODUCT_BUNDLE_IDENTIFIER = com.latifatci.NewsUITests;
				PRODUCT_NAME = "$(TARGET_NAME)";
				SWIFT_VERSION = 5.0;
				TARGETED_DEVICE_FAMILY = "1,2";
				TEST_TARGET_NAME = News;
			};
			name = Debug;
		};
		7F8DC4AF25C1A27000FF7808 /* Release */ = {
			isa = XCBuildConfiguration;
			buildSettings = {
				ALWAYS_EMBED_SWIFT_STANDARD_LIBRARIES = YES;
				CODE_SIGN_STYLE = Automatic;
				DEVELOPMENT_TEAM = BY986JF6MT;
				INFOPLIST_FILE = NewsUITests/Info.plist;
				LD_RUNPATH_SEARCH_PATHS = (
					"$(inherited)",
					"@executable_path/Frameworks",
					"@loader_path/Frameworks",
				);
				PRODUCT_BUNDLE_IDENTIFIER = com.latifatci.NewsUITests;
				PRODUCT_NAME = "$(TARGET_NAME)";
				SWIFT_VERSION = 5.0;
				TARGETED_DEVICE_FAMILY = "1,2";
				TEST_TARGET_NAME = News;
			};
			name = Release;
		};
/* End XCBuildConfiguration section */

/* Begin XCConfigurationList section */
		7F8DC47525C1A26F00FF7808 /* Build configuration list for PBXProject "News" */ = {
			isa = XCConfigurationList;
			buildConfigurations = (
				7F8DC4A525C1A27000FF7808 /* Debug */,
				7F8DC4A625C1A27000FF7808 /* Release */,
			);
			defaultConfigurationIsVisible = 0;
			defaultConfigurationName = Release;
		};
		7F8DC4A725C1A27000FF7808 /* Build configuration list for PBXNativeTarget "News" */ = {
			isa = XCConfigurationList;
			buildConfigurations = (
				7F8DC4A825C1A27000FF7808 /* Debug */,
				7F8DC4A925C1A27000FF7808 /* Release */,
			);
			defaultConfigurationIsVisible = 0;
			defaultConfigurationName = Release;
		};
		7F8DC4AA25C1A27000FF7808 /* Build configuration list for PBXNativeTarget "NewsTests" */ = {
			isa = XCConfigurationList;
			buildConfigurations = (
				7F8DC4AB25C1A27000FF7808 /* Debug */,
				7F8DC4AC25C1A27000FF7808 /* Release */,
			);
			defaultConfigurationIsVisible = 0;
			defaultConfigurationName = Release;
		};
		7F8DC4AD25C1A27000FF7808 /* Build configuration list for PBXNativeTarget "NewsUITests" */ = {
			isa = XCConfigurationList;
			buildConfigurations = (
				7F8DC4AE25C1A27000FF7808 /* Debug */,
				7F8DC4AF25C1A27000FF7808 /* Release */,
			);
			defaultConfigurationIsVisible = 0;
			defaultConfigurationName = Release;
		};
/* End XCConfigurationList section */

/* Begin XCVersionGroup section */
		7F8DC48625C1A26F00FF7808 /* News.xcdatamodeld */ = {
			isa = XCVersionGroup;
			children = (
				7F8DC48725C1A26F00FF7808 /* News.xcdatamodel */,
			);
			currentVersion = 7F8DC48725C1A26F00FF7808 /* News.xcdatamodel */;
			path = News.xcdatamodeld;
			sourceTree = "<group>";
			versionGroupType = wrapper.xcdatamodel;
		};
/* End XCVersionGroup section */
	};
	rootObject = 7F8DC47225C1A26F00FF7808 /* Project object */;
}
